
Microsoft Visual Studio Solution File, Format Version 12.00
# Visual Studio Version 17
VisualStudioVersion = 17.5.33516.290
MinimumVisualStudioVersion = 10.0.40219.1
Project("{FAE04EC0-301F-11D3-BF4B-00C04F79EFBC}") = "WPF_BindablePasswordBox", "WPF_BindablePasswordBox\WPF_BindablePasswordBox.csproj", "{A55B54C8-F195-4F7C-B6C3-420F5EDBF6A3}"
EndProject
Global
	GlobalSection(SolutionConfigurationPlatforms) = preSolution
		Debug|Any CPU = Debug|Any CPU
		Release|Any CPU = Release|Any CPU
	EndGlobalSection
	GlobalSection(ProjectConfigurationPlatforms) = postSolution
		{A55B54C8-F195-4F7C-B6C3-420F5EDBF6A3}.Debug|Any CPU.ActiveCfg = Debug|Any CPU
		{A55B54C8-F195-4F7C-B6C3-420F5EDBF6A3}.Debug|Any CPU.Build.0 = Debug|Any CPU
		{A55B54C8-F195-4F7C-B6C3-420F5EDBF6A3}.Release|Any CPU.ActiveCfg = Release|Any CPU
		{A55B54C8-F195-4F7C-B6C3-420F5EDBF6A3}.Release|Any CPU.Build.0 = Release|Any CPU
	EndGlobalSection
	GlobalSection(SolutionProperties) = preSolution
		HideSolutionNode = FALSE
	EndGlobalSection
	GlobalSection(ExtensibilityGlobals) = postSolution
		SolutionGuid = {3F6CA759-4629-4843-B54F-4AA6CF2AA75D}
	EndGlobalSection
EndGlobal
